
Microsoft Visual Studio Solution File, Format Version 12.00
# Visual Studio Version 16
VisualStudioVersion = 16.0.29409.12
MinimumVisualStudioVersion = 10.0.40219.1
Project("{FAE04EC0-301F-11D3-BF4B-00C04F79EFBC}") = "codelessAttachNet", "codelessAttachNet.csproj", "{099423B6-7ADB-441F-91A7-833CAE10B30A}"
EndProject
Global
	GlobalSection(SolutionConfigurationPlatforms) = preSolution
		Debug|Any CPU = Debug|Any CPU
		Release|Any CPU = Release|Any CPU
	EndGlobalSection
	GlobalSection(ProjectConfigurationPlatforms) = postSolution
		{099423B6-7ADB-441F-91A7-833CAE10B30A}.Debug|Any CPU.ActiveCfg = Debug|Any CPU
		{099423B6-7ADB-441F-91A7-833CAE10B30A}.Debug|Any CPU.Build.0 = Debug|Any CPU
		{099423B6-7ADB-441F-91A7-833CAE10B30A}.Release|Any CPU.ActiveCfg = Release|Any CPU
		{099423B6-7ADB-441F-91A7-833CAE10B30A}.Release|Any CPU.Build.0 = Release|Any CPU
	EndGlobalSection
	GlobalSection(SolutionProperties) = preSolution
		HideSolutionNode = FALSE
	EndGlobalSection
	GlobalSection(ExtensibilityGlobals) = postSolution
		SolutionGuid = {EDEE3CFC-CD57-48D7-8A0E-3D3A10169C6A}
	EndGlobalSection
EndGlobal
