
Microsoft Visual Studio Solution File, Format Version 12.00
# Visual Studio Version 16
VisualStudioVersion = 16.0.29409.12
MinimumVisualStudioVersion = 10.0.40219.1
Project("{9A19103F-16F7-4668-BE54-9A1E7A4F7556}") = "LoadGenerator", "LoadGenerator.csproj", "{4FD408F2-6A1E-436F-B819-A26C0A1C80FC}"
EndProject
Global
	GlobalSection(SolutionConfigurationPlatforms) = preSolution
		Debug|Any CPU = Debug|Any CPU
		Release|Any CPU = Release|Any CPU
	EndGlobalSection
	GlobalSection(ProjectConfigurationPlatforms) = postSolution
		{4FD408F2-6A1E-436F-B819-A26C0A1C80FC}.Debug|Any CPU.ActiveCfg = Debug|Any CPU
		{4FD408F2-6A1E-436F-B819-A26C0A1C80FC}.Debug|Any CPU.Build.0 = Debug|Any CPU
		{4FD408F2-6A1E-436F-B819-A26C0A1C80FC}.Release|Any CPU.ActiveCfg = Release|Any CPU
		{4FD408F2-6A1E-436F-B819-A26C0A1C80FC}.Release|Any CPU.Build.0 = Release|Any CPU
	EndGlobalSection
	GlobalSection(SolutionProperties) = preSolution
		HideSolutionNode = FALSE
	EndGlobalSection
	GlobalSection(ExtensibilityGlobals) = postSolution
		SolutionGuid = {10412C96-719C-4625-B641-809E1ACA662A}
	EndGlobalSection
EndGlobal
