
Microsoft Visual Studio Solution File, Format Version 12.00
# Visual Studio 15
VisualStudioVersion = 15.0.28307.1209
MinimumVisualStudioVersion = 10.0.40219.1
Project("{9092AA53-FB77-4645-B42D-1CCCA6BD08BD}") = "ai-telemetry", "ai-telemetry.njsproj", "{F132FB43-49E9-4A38-ADB8-63EBE6005EBC}"
EndProject
Global
	GlobalSection(SolutionConfigurationPlatforms) = preSolution
		Debug|Any CPU = Debug|Any CPU
		Release|Any CPU = Release|Any CPU
	EndGlobalSection
	GlobalSection(ProjectConfigurationPlatforms) = postSolution
		{F132FB43-49E9-4A38-ADB8-63EBE6005EBC}.Debug|Any CPU.ActiveCfg = Debug|Any CPU
		{F132FB43-49E9-4A38-ADB8-63EBE6005EBC}.Debug|Any CPU.Build.0 = Debug|Any CPU
		{F132FB43-49E9-4A38-ADB8-63EBE6005EBC}.Release|Any CPU.ActiveCfg = Release|Any CPU
		{F132FB43-49E9-4A38-ADB8-63EBE6005EBC}.Release|Any CPU.Build.0 = Release|Any CPU
	EndGlobalSection
	GlobalSection(SolutionProperties) = preSolution
		HideSolutionNode = FALSE
	EndGlobalSection
	GlobalSection(ExtensibilityGlobals) = postSolution
		SolutionGuid = {33327DF7-1E52-4F01-B624-7A876E6926CF}
	EndGlobalSection
EndGlobal
