
Microsoft Visual Studio Solution File, Format Version 12.00
# Visual Studio 15
VisualStudioVersion = 15.0.28307.1169
MinimumVisualStudioVersion = 10.0.40219.1
Project("{9092AA53-FB77-4645-B42D-1CCCA6BD08BD}") = "MutatingWebhook", "MutatingWebhook.njsproj", "{B7E468CA-66B3-4C24-A7A0-BABB6BC44A7A}"
EndProject
Global
	GlobalSection(SolutionConfigurationPlatforms) = preSolution
		Debug|Any CPU = Debug|Any CPU
		Release|Any CPU = Release|Any CPU
		test|Any CPU = test|Any CPU
	EndGlobalSection
	GlobalSection(ProjectConfigurationPlatforms) = postSolution
		{B7E468CA-66B3-4C24-A7A0-BABB6BC44A7A}.Debug|Any CPU.ActiveCfg = Debug|Any CPU
		{B7E468CA-66B3-4C24-A7A0-BABB6BC44A7A}.Debug|Any CPU.Build.0 = Debug|Any CPU
		{B7E468CA-66B3-4C24-A7A0-BABB6BC44A7A}.Release|Any CPU.ActiveCfg = Release|Any CPU
		{B7E468CA-66B3-4C24-A7A0-BABB6BC44A7A}.Release|Any CPU.Build.0 = Release|Any CPU
		{B7E468CA-66B3-4C24-A7A0-BABB6BC44A7A}.test|Any CPU.ActiveCfg = Release|Any CPU
		{B7E468CA-66B3-4C24-A7A0-BABB6BC44A7A}.test|Any CPU.Build.0 = Release|Any CPU
	EndGlobalSection
	GlobalSection(SolutionProperties) = preSolution
		HideSolutionNode = FALSE
	EndGlobalSection
	GlobalSection(ExtensibilityGlobals) = postSolution
		SolutionGuid = {B55101E0-060C-4398-84B4-65E3151A79F1}
	EndGlobalSection
EndGlobal
